<?xml version="1.0" encoding="utf-8"?>
<Project ToolsVersion="4.0" xmlns="http://schemas.microsoft.com/developer/msbuild/2003">
  <ItemGroup>
    <Filter Include="Source Files">
      <UniqueIdentifier>{4FC737F1-C7A5-4376-A066-2A32D752A2FF}</UniqueIdentifier>
      <Extensions>cpp;c;cc;cxx;def;odl;idl;hpj;bat;asm;asmx</Extensions>
    </Filter>
    <Filter Include="Header Files">
      <UniqueIdentifier>{93995380-89BD-4b04-88EB-625FBE52EBFB}</UniqueIdentifier>
      <Extensions>h;hh;hpp;hxx;hm;inl;inc;ipp;xsd</Extensions>
    </Filter>
    <Filter Include="Resource Files">
      <UniqueIdentifier>{67DA6AB6-F800-4c08-8B7A-83BB121AAD01}</UniqueIdentifier>
      <Extensions>rc;ico;cur;bmp;dlg;rc2;rct;bin;rgs;gif;jpg;jpeg;jpe;resx;tiff;tif;png;wav;mfcribbon-ms</Extensions>
    </Filter>
  </ItemGroup>
  <ItemGroup>
    <ClInclude Include="pch.h">
      <Filter>Header Files</Filter>
    </ClInclude>
  </ItemGroup>
  <ItemGroup>
    <ClCompile Include="pch.cpp">
      <Filter>Source Files</Filter>
    </ClCompile>
    <ClCompile Include="n_th_pow_matrix.cpp">
      <Filter>Source Files</Filter>
    </ClCompile>
    <ClCompile Include="permutation.cpp">
      <Filter>Source Files</Filter>
    </ClCompile>
    <ClCompile Include="vector_pointwise_sum.cpp">
      <Filter>Source Files</Filter>
    </ClCompile>
    <ClCompile Include="vector_all_sum.cpp">
      <Filter>Source Files</Filter>
    </ClCompile>
    <ClCompile Include="vector_sum_thread_poll.cpp">
      <Filter>Source Files</Filter>
    </ClCompile>
    <ClCompile Include="merge_sort_part2.cpp">
      <Filter>Source Files</Filter>
    </ClCompile>
    <ClCompile Include="1bigNumbersMultiplication.cpp">
      <Filter>Source Files</Filter>
    </ClCompile>
    <ClCompile Include="1comb_subsets.cpp">
      <Filter>Source Files</Filter>
    </ClCompile>
    <ClCompile Include="1hamiltonian.cpp">
      <Filter>Source Files</Filter>
    </ClCompile>
    <ClCompile Include="1InmultireMatrici.cpp">
      <Filter>Source Files</Filter>
    </ClCompile>
    <ClCompile Include="1ColoringProblem.cpp">
      <Filter>Source Files</Filter>
    </ClCompile>
    <ClCompile Include="1merge_sort.cpp">
      <Filter>Source Files</Filter>
    </ClCompile>
    <ClCompile Include="1NumerePrime.cpp">
      <Filter>Source Files</Filter>
    </ClCompile>
    <ClCompile Include="1polynom_mult.cpp">
      <Filter>Source Files</Filter>
    </ClCompile>
    <ClCompile Include="1knapsack.cpp">
      <Filter>Source Files</Filter>
    </ClCompile>
    <ClCompile Include="2n_queens.cpp">
      <Filter>Source Files</Filter>
    </ClCompile>
    <ClCompile Include="1quick_sort.cpp">
      <Filter>Source Files</Filter>
    </ClCompile>
    <ClCompile Include="1ProdusScalarBalansat.cpp">
      <Filter>Source Files</Filter>
    </ClCompile>
    <ClCompile Include="1simple_scalar_product.cpp">
      <Filter>Source Files</Filter>
    </ClCompile>
    <ClCompile Include="c1onvolution.cpp">
      <Filter>Source Files</Filter>
    </ClCompile>
    <ClCompile Include="1eratostehenes.cpp">
      <Filter>Source Files</Filter>
    </ClCompile>
    <ClCompile Include="1prefixsum.cpp">
      <Filter>Source Files</Filter>
    </ClCompile>
    <ClCompile Include="1subset_sum_async.cpp">
      <Filter>Source Files</Filter>
    </ClCompile>
    <ClCompile Include="1primes.cpp">
      <Filter>Source Files</Filter>
    </ClCompile>
    <ClCompile Include="Source.cpp">
      <Filter>Source Files</Filter>
    </ClCompile>
    <ClCompile Include="Source1.cpp">
      <Filter>Source Files</Filter>
    </ClCompile>
  </ItemGroup>
</Project>