
Microsoft Visual Studio Solution File, Format Version 12.00
# Visual Studio 15
VisualStudioVersion = 15.0.28307.489
MinimumVisualStudioVersion = 10.0.40219.1
Project("{FAE04EC0-301F-11D3-BF4B-00C04F79EFBC}") = "lab1", "lab1\lab1.csproj", "{EB78F792-30E8-4BEF-B241-9BC0F19D6926}"
EndProject
Global
	GlobalSection(SolutionConfigurationPlatforms) = preSolution
		Debug|Any CPU = Debug|Any CPU
		Release|Any CPU = Release|Any CPU
	EndGlobalSection
	GlobalSection(ProjectConfigurationPlatforms) = postSolution
		{EB78F792-30E8-4BEF-B241-9BC0F19D6926}.Debug|Any CPU.ActiveCfg = Debug|Any CPU
		{EB78F792-30E8-4BEF-B241-9BC0F19D6926}.Debug|Any CPU.Build.0 = Debug|Any CPU
		{EB78F792-30E8-4BEF-B241-9BC0F19D6926}.Release|Any CPU.ActiveCfg = Release|Any CPU
		{EB78F792-30E8-4BEF-B241-9BC0F19D6926}.Release|Any CPU.Build.0 = Release|Any CPU
	EndGlobalSection
	GlobalSection(SolutionProperties) = preSolution
		HideSolutionNode = FALSE
	EndGlobalSection
	GlobalSection(ExtensibilityGlobals) = postSolution
		SolutionGuid = {9A76F85E-53EE-4778-B686-013FD93B58BC}
	EndGlobalSection
EndGlobal
